
Microsoft Visual Studio Solution File, Format Version 12.00
# Visual Studio Version 17
VisualStudioVersion = 17.8.34330.188
MinimumVisualStudioVersion = 10.0.40219.1
Project("{FAE04EC0-301F-11D3-BF4B-00C04F79EFBC}") = "Biblioteket", "Biblioteket\Biblioteket.csproj", "{75A99441-CBE8-4DA4-B752-993F4F684F00}"
EndProject
Global
	GlobalSection(SolutionConfigurationPlatforms) = preSolution
		Debug|Any CPU = Debug|Any CPU
		Release|Any CPU = Release|Any CPU
	EndGlobalSection
	GlobalSection(ProjectConfigurationPlatforms) = postSolution
		{75A99441-CBE8-4DA4-B752-993F4F684F00}.Debug|Any CPU.ActiveCfg = Debug|Any CPU
		{75A99441-CBE8-4DA4-B752-993F4F684F00}.Debug|Any CPU.Build.0 = Debug|Any CPU
		{75A99441-CBE8-4DA4-B752-993F4F684F00}.Release|Any CPU.ActiveCfg = Release|Any CPU
		{75A99441-CBE8-4DA4-B752-993F4F684F00}.Release|Any CPU.Build.0 = Release|Any CPU
	EndGlobalSection
	GlobalSection(SolutionProperties) = preSolution
		HideSolutionNode = FALSE
	EndGlobalSection
	GlobalSection(ExtensibilityGlobals) = postSolution
		SolutionGuid = {FBB78FE5-CD73-416A-8613-825B1425AAEF}
	EndGlobalSection
EndGlobal
